{
  "name": "mangadex-req",
  "version": "2.1.0",
  "lockfileVersion": 1,
  "requires": true,
  "dependencies": {
    "zmkdirp": {
      "version": "2.0.1",
      "resolved": "https://registry.npmjs.org/zmkdirp/-/zmkdirp-2.0.1.tgz",
      "integrity": "sha512-T0ktWk03Z/AMeZyf7xCvNerwJPus4mpZCgr4qqXv7b5KgNumfKax6woEDCZZNhREZ1TmoaBE4UBrC/PCRufj2w=="
    }
  }
}
